
Microsoft Visual Studio Solution File, Format Version 12.00
# Visual Studio Version 17
VisualStudioVersion = 17.0.31903.59
MinimumVisualStudioVersion = 10.0.40219.1
Project("{2150E333-8FDC-42A3-9474-1A3956D46DE8}") = "src", "src", "{EDF9C6C3-A8C0-4949-A412-239B4E8DC904}"
EndProject
Project("{FAE04EC0-301F-11D3-BF4B-00C04F79EFBC}") = "EnterpriseCrudApp.API", "src\EnterpriseCrudApp.API\EnterpriseCrudApp.API.csproj", "{A85FEB1B-1B41-469F-837F-CF14B7872B48}"
EndProject
Project("{FAE04EC0-301F-11D3-BF4B-00C04F79EFBC}") = "EnterpriseCrudApp.Domain", "src\EnterpriseCrudApp.Domain\EnterpriseCrudApp.Domain.csproj", "{36FE4547-B58D-4F97-87AE-4B0F467BD81A}"
EndProject
Project("{FAE04EC0-301F-11D3-BF4B-00C04F79EFBC}") = "EnterpriseCrudApp.Application", "src\EnterpriseCrudApp.Application\EnterpriseCrudApp.Application.csproj", "{8134E472-358C-487C-A0E7-A3825A63F1F0}"
EndProject
Project("{FAE04EC0-301F-11D3-BF4B-00C04F79EFBC}") = "EnterpriseCrudApp.Infrastructure", "src\EnterpriseCrudApp.Infrastructure\EnterpriseCrudApp.Infrastructure.csproj", "{04F7F5F4-D2E5-4346-9FF3-AF95605DEA85}"
EndProject
Global
	GlobalSection(SolutionConfigurationPlatforms) = preSolution
		Debug|Any CPU = Debug|Any CPU
		Release|Any CPU = Release|Any CPU
	EndGlobalSection
	GlobalSection(SolutionProperties) = preSolution
		HideSolutionNode = FALSE
	EndGlobalSection
	GlobalSection(ProjectConfigurationPlatforms) = postSolution
		{A85FEB1B-1B41-469F-837F-CF14B7872B48}.Debug|Any CPU.ActiveCfg = Debug|Any CPU
		{A85FEB1B-1B41-469F-837F-CF14B7872B48}.Debug|Any CPU.Build.0 = Debug|Any CPU
		{A85FEB1B-1B41-469F-837F-CF14B7872B48}.Release|Any CPU.ActiveCfg = Release|Any CPU
		{A85FEB1B-1B41-469F-837F-CF14B7872B48}.Release|Any CPU.Build.0 = Release|Any CPU
		{36FE4547-B58D-4F97-87AE-4B0F467BD81A}.Debug|Any CPU.ActiveCfg = Debug|Any CPU
		{36FE4547-B58D-4F97-87AE-4B0F467BD81A}.Debug|Any CPU.Build.0 = Debug|Any CPU
		{36FE4547-B58D-4F97-87AE-4B0F467BD81A}.Release|Any CPU.ActiveCfg = Release|Any CPU
		{36FE4547-B58D-4F97-87AE-4B0F467BD81A}.Release|Any CPU.Build.0 = Release|Any CPU
		{8134E472-358C-487C-A0E7-A3825A63F1F0}.Debug|Any CPU.ActiveCfg = Debug|Any CPU
		{8134E472-358C-487C-A0E7-A3825A63F1F0}.Debug|Any CPU.Build.0 = Debug|Any CPU
		{8134E472-358C-487C-A0E7-A3825A63F1F0}.Release|Any CPU.ActiveCfg = Release|Any CPU
		{8134E472-358C-487C-A0E7-A3825A63F1F0}.Release|Any CPU.Build.0 = Release|Any CPU
		{04F7F5F4-D2E5-4346-9FF3-AF95605DEA85}.Debug|Any CPU.ActiveCfg = Debug|Any CPU
		{04F7F5F4-D2E5-4346-9FF3-AF95605DEA85}.Debug|Any CPU.Build.0 = Debug|Any CPU
		{04F7F5F4-D2E5-4346-9FF3-AF95605DEA85}.Release|Any CPU.ActiveCfg = Release|Any CPU
		{04F7F5F4-D2E5-4346-9FF3-AF95605DEA85}.Release|Any CPU.Build.0 = Release|Any CPU
	EndGlobalSection
	GlobalSection(NestedProjects) = preSolution
		{A85FEB1B-1B41-469F-837F-CF14B7872B48} = {EDF9C6C3-A8C0-4949-A412-239B4E8DC904}
		{36FE4547-B58D-4F97-87AE-4B0F467BD81A} = {EDF9C6C3-A8C0-4949-A412-239B4E8DC904}
		{8134E472-358C-487C-A0E7-A3825A63F1F0} = {EDF9C6C3-A8C0-4949-A412-239B4E8DC904}
		{04F7F5F4-D2E5-4346-9FF3-AF95605DEA85} = {EDF9C6C3-A8C0-4949-A412-239B4E8DC904}
	EndGlobalSection
EndGlobal
